
Microsoft Visual Studio Solution File, Format Version 12.00
# Visual Studio 15
VisualStudioVersion = 15.0.28010.2026
MinimumVisualStudioVersion = 10.0.40219.1
Project("{2150E333-8FDC-42A3-9474-1A3956D46DE8}") = "src", "src", "{D50D70A5-E634-411E-B431-A916365DA175}"
EndProject
Project("{2150E333-8FDC-42A3-9474-1A3956D46DE8}") = "test", "test", "{14722FC0-25F4-414E-861C-E5AB22CAFCAF}"
EndProject
Project("{2150E333-8FDC-42A3-9474-1A3956D46DE8}") = "Api", "Api", "{09FA7BB9-1F84-41B3-85B1-4EC534CE5F07}"
EndProject
Project("{2150E333-8FDC-42A3-9474-1A3956D46DE8}") = "Mvc", "Mvc", "{FBE1E808-1263-4C4D-A903-42C1E43632AB}"
EndProject
Project("{9A19103F-16F7-4668-BE54-9A1E7A4F7556}") = "sonar", "src\Api\sonar.csproj", "{BC1451DF-670B-4B3A-95F8-E6B2CFBC927D}"
EndProject
Project("{9A19103F-16F7-4668-BE54-9A1E7A4F7556}") = "sonarproj", "src\Mvc\sonarproj.csproj", "{1AA99003-C037-42EF-82EB-B7564A5BBAAE}"
EndProject
Project("{2150E333-8FDC-42A3-9474-1A3956D46DE8}") = "Api", "Api", "{4B331825-F195-4B70-BAE6-2D99B3E5F066}"
EndProject
Project("{FAE04EC0-301F-11D3-BF4B-00C04F79EFBC}") = "ApiTest", "test\ApiTest\ApiTest\ApiTest.csproj", "{CE720536-1416-436B-9E10-FF04A5CD3C0B}"
EndProject
Project("{2150E333-8FDC-42A3-9474-1A3956D46DE8}") = "Mvc", "Mvc", "{D19DC43E-3F90-42A2-8CA3-2837078F9817}"
EndProject
Project("{9A19103F-16F7-4668-BE54-9A1E7A4F7556}") = "TestTemplate", "test\MvcTest\TestTemplate\TestTemplate.csproj", "{907ECCF8-54F2-4063-B65D-DAD258D347FA}"
EndProject
Global
	GlobalSection(SolutionConfigurationPlatforms) = preSolution
		Debug|Any CPU = Debug|Any CPU
		Release|Any CPU = Release|Any CPU
	EndGlobalSection
	GlobalSection(ProjectConfigurationPlatforms) = postSolution
		{BC1451DF-670B-4B3A-95F8-E6B2CFBC927D}.Debug|Any CPU.ActiveCfg = Debug|Any CPU
		{BC1451DF-670B-4B3A-95F8-E6B2CFBC927D}.Debug|Any CPU.Build.0 = Debug|Any CPU
		{BC1451DF-670B-4B3A-95F8-E6B2CFBC927D}.Release|Any CPU.ActiveCfg = Release|Any CPU
		{BC1451DF-670B-4B3A-95F8-E6B2CFBC927D}.Release|Any CPU.Build.0 = Release|Any CPU
		{1AA99003-C037-42EF-82EB-B7564A5BBAAE}.Debug|Any CPU.ActiveCfg = Debug|Any CPU
		{1AA99003-C037-42EF-82EB-B7564A5BBAAE}.Debug|Any CPU.Build.0 = Debug|Any CPU
		{1AA99003-C037-42EF-82EB-B7564A5BBAAE}.Release|Any CPU.ActiveCfg = Release|Any CPU
		{1AA99003-C037-42EF-82EB-B7564A5BBAAE}.Release|Any CPU.Build.0 = Release|Any CPU
		{CE720536-1416-436B-9E10-FF04A5CD3C0B}.Debug|Any CPU.ActiveCfg = Debug|Any CPU
		{CE720536-1416-436B-9E10-FF04A5CD3C0B}.Debug|Any CPU.Build.0 = Debug|Any CPU
		{CE720536-1416-436B-9E10-FF04A5CD3C0B}.Release|Any CPU.ActiveCfg = Release|Any CPU
		{CE720536-1416-436B-9E10-FF04A5CD3C0B}.Release|Any CPU.Build.0 = Release|Any CPU
		{907ECCF8-54F2-4063-B65D-DAD258D347FA}.Debug|Any CPU.ActiveCfg = Debug|Any CPU
		{907ECCF8-54F2-4063-B65D-DAD258D347FA}.Debug|Any CPU.Build.0 = Debug|Any CPU
		{907ECCF8-54F2-4063-B65D-DAD258D347FA}.Release|Any CPU.ActiveCfg = Release|Any CPU
		{907ECCF8-54F2-4063-B65D-DAD258D347FA}.Release|Any CPU.Build.0 = Release|Any CPU
	EndGlobalSection
	GlobalSection(SolutionProperties) = preSolution
		HideSolutionNode = FALSE
	EndGlobalSection
	GlobalSection(NestedProjects) = preSolution
		{09FA7BB9-1F84-41B3-85B1-4EC534CE5F07} = {D50D70A5-E634-411E-B431-A916365DA175}
		{FBE1E808-1263-4C4D-A903-42C1E43632AB} = {D50D70A5-E634-411E-B431-A916365DA175}
		{BC1451DF-670B-4B3A-95F8-E6B2CFBC927D} = {09FA7BB9-1F84-41B3-85B1-4EC534CE5F07}
		{1AA99003-C037-42EF-82EB-B7564A5BBAAE} = {FBE1E808-1263-4C4D-A903-42C1E43632AB}
		{4B331825-F195-4B70-BAE6-2D99B3E5F066} = {14722FC0-25F4-414E-861C-E5AB22CAFCAF}
		{CE720536-1416-436B-9E10-FF04A5CD3C0B} = {4B331825-F195-4B70-BAE6-2D99B3E5F066}
		{D19DC43E-3F90-42A2-8CA3-2837078F9817} = {14722FC0-25F4-414E-861C-E5AB22CAFCAF}
		{907ECCF8-54F2-4063-B65D-DAD258D347FA} = {D19DC43E-3F90-42A2-8CA3-2837078F9817}
	EndGlobalSection
	GlobalSection(ExtensibilityGlobals) = postSolution
		SolutionGuid = {35975743-C1BF-4F93-BC71-EBAA599EEFB0}
	EndGlobalSection
EndGlobal
